
Microsoft Visual Studio Solution File, Format Version 12.00
Project("{5D3AF93A-43E7-40EE-984B-8592EB9BE7FF}") = "KerbalLifeHacks", "src/KerbalLifeHacks/KerbalLifeHacks.csproj", "{97FD382D-A16E-420A-A72F-B790D60104F4}"
EndProject
Global
	GlobalSection(SolutionConfigurationPlatforms) = preSolution
		Debug|Any CPU = Debug|Any CPU
		Release|Any CPU = Release|Any CPU
		Deploy|Any CPU = Deploy|Any CPU
		DeployAndRun|Any CPU = DeployAndRun|Any CPU
	EndGlobalSection
	GlobalSection(ProjectConfigurationPlatforms) = postSolution
		{97FD382D-A16E-420A-A72F-B790D60104F4}.Debug|Any CPU.ActiveCfg = Debug|Any CPU
		{97FD382D-A16E-420A-A72F-B790D60104F4}.Debug|Any CPU.Build.0 = Debug|Any CPU
		{97FD382D-A16E-420A-A72F-B790D60104F4}.Release|Any CPU.ActiveCfg = Release|Any CPU
		{97FD382D-A16E-420A-A72F-B790D60104F4}.Release|Any CPU.Build.0 = Release|Any CPU
		{97FD382D-A16E-420A-A72F-B790D60104F4}.Deploy|Any CPU.ActiveCfg = Deploy|Any CPU
		{97FD382D-A16E-420A-A72F-B790D60104F4}.Deploy|Any CPU.Build.0 = Deploy|Any CPU
		{97FD382D-A16E-420A-A72F-B790D60104F4}.DeployAndRun|Any CPU.ActiveCfg = DeployAndRun|Any CPU
		{97FD382D-A16E-420A-A72F-B790D60104F4}.DeployAndRun|Any CPU.Build.0 = DeployAndRun|Any CPU
	EndGlobalSection
EndGlobal

